<?xml version="1.0" encoding="utf-8"?>
<Project ToolsVersion="4.0" xmlns="http://schemas.microsoft.com/developer/msbuild/2003">
  <ItemGroup>
    <Filter Include="源文件">
      <UniqueIdentifier>{4FC737F1-C7A5-4376-A066-2A32D752A2FF}</UniqueIdentifier>
      <Extensions>cpp;c;cc;cxx;def;odl;idl;hpj;bat;asm;asmx</Extensions>
    </Filter>
    <Filter Include="头文件">
      <UniqueIdentifier>{93995380-89BD-4b04-88EB-625FBE52EBFB}</UniqueIdentifier>
      <Extensions>h;hh;hpp;hxx;hm;inl;inc;xsd</Extensions>
    </Filter>
    <Filter Include="资源文件">
      <UniqueIdentifier>{67DA6AB6-F800-4c08-8B7A-83BB121AAD01}</UniqueIdentifier>
      <Extensions>rc;ico;cur;bmp;dlg;rc2;rct;bin;rgs;gif;jpg;jpeg;jpe;resx;tiff;tif;png;wav;mfcribbon-ms</Extensions>
    </Filter>
    <Filter Include="源文件\View">
      <UniqueIdentifier>{43e2a842-a418-4e31-a3f3-2505ea672071}</UniqueIdentifier>
    </Filter>
    <Filter Include="源文件\Model">
      <UniqueIdentifier>{cf6aa4eb-6179-42e9-a5e1-b133b8106874}</UniqueIdentifier>
    </Filter>
    <Filter Include="源文件\View\Login">
      <UniqueIdentifier>{1f4b7622-e7b0-498a-85eb-fc3160f29760}</UniqueIdentifier>
    </Filter>
    <Filter Include="源文件\View\MainFrame">
      <UniqueIdentifier>{a8b64e13-ed78-4ce3-8a5b-cf7e6f270ffe}</UniqueIdentifier>
    </Filter>
    <Filter Include="源文件\DAO">
      <UniqueIdentifier>{001f3276-336a-42d3-8f26-77d945db6185}</UniqueIdentifier>
    </Filter>
    <Filter Include="头文件\DAO">
      <UniqueIdentifier>{46da6eb0-526d-4cfb-9007-bccea5afbb2d}</UniqueIdentifier>
    </Filter>
    <Filter Include="头文件\Model">
      <UniqueIdentifier>{700addae-df2b-4ea1-a319-08b9ac85e866}</UniqueIdentifier>
    </Filter>
    <Filter Include="头文件\View">
      <UniqueIdentifier>{414a5cb3-f1c6-4e3f-a9d1-f1d7989e8da7}</UniqueIdentifier>
    </Filter>
    <Filter Include="头文件\View\Login">
      <UniqueIdentifier>{48a8050a-868e-4afb-a2bf-2d9acc89669c}</UniqueIdentifier>
    </Filter>
    <Filter Include="头文件\View\MainFrame">
      <UniqueIdentifier>{778a8910-3886-4395-8d36-a213331c8eb6}</UniqueIdentifier>
    </Filter>
    <Filter Include="头文件\View\MainFrame\func_page">
      <UniqueIdentifier>{687fdc86-5c7c-4cd2-b51d-29afa73c80c5}</UniqueIdentifier>
    </Filter>
    <Filter Include="源文件\View\MainFrame\func_page">
      <UniqueIdentifier>{6166530b-4c79-4670-afd0-34dbfbba0920}</UniqueIdentifier>
    </Filter>
    <Filter Include="头文件\service">
      <UniqueIdentifier>{37ee4daa-0c9e-4dd8-9b54-d43795817413}</UniqueIdentifier>
    </Filter>
    <Filter Include="源文件\service">
      <UniqueIdentifier>{574ee341-e663-4c47-8472-feb03913d7a2}</UniqueIdentifier>
    </Filter>
  </ItemGroup>
  <ItemGroup>
    <Text Include="ReadMe.txt" />
  </ItemGroup>
  <ItemGroup>
    <ClInclude Include="stdafx.h">
      <Filter>头文件</Filter>
    </ClInclude>
    <ClInclude Include="targetver.h">
      <Filter>头文件</Filter>
    </ClInclude>
    <ClInclude Include="Resource.h">
      <Filter>头文件</Filter>
    </ClInclude>
    <ClInclude Include="Connection.h">
      <Filter>头文件\DAO</Filter>
    </ClInclude>
    <ClInclude Include="POWER_SYSTEM.h">
      <Filter>头文件\View\Login</Filter>
    </ClInclude>
    <ClInclude Include="POWER_SYSTEMDlg.h">
      <Filter>头文件\View\Login</Filter>
    </ClInclude>
    <ClInclude Include="POWER_SYSTEM_MAINFRAME.h">
      <Filter>头文件\View\MainFrame</Filter>
    </ClInclude>
    <ClInclude Include="User.h">
      <Filter>头文件\Model</Filter>
    </ClInclude>
    <ClInclude Include="userDAO.h">
      <Filter>头文件\DAO</Filter>
    </ClInclude>
    <ClInclude Include="Character.h">
      <Filter>头文件\Model</Filter>
    </ClInclude>
    <ClInclude Include="characterDAO.h">
      <Filter>头文件\DAO</Filter>
    </ClInclude>
    <ClInclude Include="InfoDlg.h">
      <Filter>头文件\View\MainFrame\func_page</Filter>
    </ClInclude>
    <ClInclude Include="QueryDlg.h">
      <Filter>头文件\View\MainFrame\func_page</Filter>
    </ClInclude>
    <ClInclude Include="AddUserDlg.h">
      <Filter>头文件\View\MainFrame\func_page</Filter>
    </ClInclude>
    <ClInclude Include="solveUTF8.h">
      <Filter>头文件\service</Filter>
    </ClInclude>
    <ClInclude Include="Update.h">
      <Filter>头文件\View\MainFrame\func_page</Filter>
    </ClInclude>
  </ItemGroup>
  <ItemGroup>
    <ClCompile Include="POWER_SYSTEM.cpp">
      <Filter>源文件</Filter>
    </ClCompile>
    <ClCompile Include="stdafx.cpp">
      <Filter>源文件</Filter>
    </ClCompile>
    <ClCompile Include="POWER_SYSTEMDlg.cpp">
      <Filter>源文件\View\Login</Filter>
    </ClCompile>
    <ClCompile Include="POWER_SYSTEM_MAINFRAME.cpp">
      <Filter>源文件\View\MainFrame</Filter>
    </ClCompile>
    <ClCompile Include="Connection.cpp">
      <Filter>源文件\DAO</Filter>
    </ClCompile>
    <ClCompile Include="User.cpp">
      <Filter>源文件\Model</Filter>
    </ClCompile>
    <ClCompile Include="userDAO.cpp">
      <Filter>源文件\DAO</Filter>
    </ClCompile>
    <ClCompile Include="Character.cpp">
      <Filter>源文件\Model</Filter>
    </ClCompile>
    <ClCompile Include="characterDAO.cpp">
      <Filter>源文件\DAO</Filter>
    </ClCompile>
    <ClCompile Include="AddUserDlg.cpp">
      <Filter>源文件\View\MainFrame\func_page</Filter>
    </ClCompile>
    <ClCompile Include="InfoDlg.cpp">
      <Filter>源文件\View\MainFrame\func_page</Filter>
    </ClCompile>
    <ClCompile Include="QueryDlg.cpp">
      <Filter>源文件\View\MainFrame\func_page</Filter>
    </ClCompile>
    <ClCompile Include="solveUTF8.cpp">
      <Filter>源文件\service</Filter>
    </ClCompile>
    <ClCompile Include="Update.cpp">
      <Filter>源文件\View\MainFrame\func_page</Filter>
    </ClCompile>
  </ItemGroup>
  <ItemGroup>
    <ResourceCompile Include="POWER_SYSTEM.rc">
      <Filter>资源文件</Filter>
    </ResourceCompile>
  </ItemGroup>
  <ItemGroup>
    <None Include="res\POWER_SYSTEM.rc2">
      <Filter>资源文件</Filter>
    </None>
  </ItemGroup>
  <ItemGroup>
    <Image Include="res\POWER_SYSTEM.ico">
      <Filter>资源文件</Filter>
    </Image>
  </ItemGroup>
</Project>